{
  "nodes": {
    "hardware": {
      "locked": {
        "lastModified": 1715148395,
        "narHash": "sha256-lRxjTxY3103LGMjWdVqntKZHhlmMX12QUjeFrQMmGaE=",
        "owner": "nixos",
        "repo": "nixos-hardware",
        "rev": "a4e2b7909fc1bdf30c30ef21d388fde0b5cdde4a",
        "type": "github"
      },
      "original": {
        "owner": "nixos",
        "repo": "nixos-hardware",
        "type": "github"
      }
    },
    "home-manager": {
      "inputs": {
        "nixpkgs": [
          "nixpkgs"
        ]
      },
      "locked": {
        "lastModified": 1715486357,
        "narHash": "sha256-4pRuzsHZOW5W4CsXI9uhKtiJeQSUoe1d2M9mWU98HC4=",
        "owner": "nix-community",
        "repo": "home-manager",
        "rev": "44677a1c96810a8e8c4ffaeaad10c842402647c1",
        "type": "github"
      },
      "original": {
        "owner": "nix-community",
        "repo": "home-manager",
        "type": "github"
      }
    },
    "impermanence": {
      "locked": {
        "lastModified": 1708968331,
        "narHash": "sha256-VUXLaPusCBvwM3zhGbRIJVeYluh2uWuqtj4WirQ1L9Y=",
        "owner": "nix-community",
        "repo": "impermanence",
        "rev": "a33ef102a02ce77d3e39c25197664b7a636f9c30",
        "type": "github"
      },
      "original": {
        "owner": "nix-community",
        "repo": "impermanence",
        "type": "github"
      }
    },
    "nix-flatpak": {
      "locked": {
        "lastModified": 1711997375,
        "narHash": "sha256-KvU4gOtuFMS9Il67glRGtdNfguAINT9pCaXtvCL8uI8=",
        "owner": "gmodena",
        "repo": "nix-flatpak",
        "rev": "45bf66f7068db79b552da864c0e87452be624d6c",
        "type": "github"
      },
      "original": {
        "owner": "gmodena",
        "repo": "nix-flatpak",
        "type": "github"
      }
    },
    "nixpkgs": {
      "locked": {
        "lastModified": 1715534503,
        "narHash": "sha256-5ZSVkFadZbFP1THataCaSf0JH2cAH3S29hU9rrxTEqk=",
        "owner": "nixos",
        "repo": "nixpkgs",
        "rev": "2057814051972fa1453ddfb0d98badbea9b83c06",
        "type": "github"
      },
      "original": {
        "owner": "nixos",
        "ref": "nixos-unstable",
        "repo": "nixpkgs",
        "type": "github"
      }
    },
    "nixpkgs-stable": {
      "locked": {
        "lastModified": 1715542476,
        "narHash": "sha256-FF593AtlzQqa8JpzrXyRws4CeKbc5W86o8tHt4nRfIg=",
        "owner": "nixos",
        "repo": "nixpkgs",
        "rev": "44072e24566c5bcc0b7aa9178a0104f4cfffab19",
        "type": "github"
      },
      "original": {
        "owner": "nixos",
        "ref": "nixos-23.11",
        "repo": "nixpkgs",
        "type": "github"
      }
    },
    "nur": {
      "locked": {
        "lastModified": 1715631831,
        "narHash": "sha256-JnW7GLjsXaSC1SYWmXtOXu6j9rJP4xB+abo97VtiaKs=",
        "owner": "nix-community",
        "repo": "NUR",
        "rev": "b8fd97d6755836ca3b40bd25e9e9e75d63ceedf9",
        "type": "github"
      },
      "original": {
        "owner": "nix-community",
        "repo": "NUR",
        "type": "github"
      }
    },
    "root": {
      "inputs": {
        "hardware": "hardware",
        "home-manager": "home-manager",
        "impermanence": "impermanence",
        "nix-flatpak": "nix-flatpak",
        "nixpkgs": "nixpkgs",
        "nixpkgs-stable": "nixpkgs-stable",
        "nur": "nur"
      }
    }
  },
  "root": "root",
  "version": 7
}
